
Microsoft Visual Studio Solution File, Format Version 12.00
# Visual Studio Version 17
VisualStudioVersion = 17.10.34916.146
MinimumVisualStudioVersion = 10.0.40219.1
Project("{9A19103F-16F7-4668-BE54-9A1E7A4F7556}") = "Atividade Semestre 4", "..\..\source\repos\Atividade Semestre 4\Atividade Semestre 4\Atividade Semestre 4.csproj", "{2B8D8EA4-0F5E-4D2D-95F8-FAA0E4484C91}"
EndProject
Global
	GlobalSection(SolutionConfigurationPlatforms) = preSolution
		Debug|Any CPU = Debug|Any CPU
		Release|Any CPU = Release|Any CPU
	EndGlobalSection
	GlobalSection(ProjectConfigurationPlatforms) = postSolution
		{2B8D8EA4-0F5E-4D2D-95F8-FAA0E4484C91}.Debug|Any CPU.ActiveCfg = Debug|Any CPU
		{2B8D8EA4-0F5E-4D2D-95F8-FAA0E4484C91}.Debug|Any CPU.Build.0 = Debug|Any CPU
		{2B8D8EA4-0F5E-4D2D-95F8-FAA0E4484C91}.Release|Any CPU.ActiveCfg = Release|Any CPU
		{2B8D8EA4-0F5E-4D2D-95F8-FAA0E4484C91}.Release|Any CPU.Build.0 = Release|Any CPU
	EndGlobalSection
	GlobalSection(SolutionProperties) = preSolution
		HideSolutionNode = FALSE
	EndGlobalSection
	GlobalSection(ExtensibilityGlobals) = postSolution
		SolutionGuid = {4945A327-201F-4E6D-B8D0-CA0DA58917D8}
	EndGlobalSection
EndGlobal
